# THIS IS AN AUTOGENERATED FILE. DO NOT EDIT THIS FILE DIRECTLY.
# yarn lockfile v1


"@babel/code-frame@^7.0.0", "@babel/code-frame@^7.8.3":
  version "7.10.4"
  resolved "https://registry.yarnpkg.com/@babel/code-frame/-/code-frame-7.10.4.tgz#168da1a36e90da68ae8d49c0f1b48c7c6249213a"
  integrity sha512-vG6SvB6oYEhvgisZNFRmRCUkLz11c7rp+tbNTynGqc6mS1d5ATd/sGyV6W0KZZnXRKMTzZDRgQT3Ou9jhpAfUg==
  dependencies:
    "@babel/highlight" "^7.10.4"

"@babel/helper-validator-identifier@^7.10.4":
  version "7.10.4"
  resolved "https://registry.yarnpkg.com/@babel/helper-validator-identifier/-/helper-validator-identifier-7.10.4.tgz#a78c7a7251e01f616512d31b10adcf52ada5e0d2"
  integrity sha512-3U9y+43hz7ZM+rzG24Qe2mufW5KhvFg/NhnNph+i9mgCtdTCtMJuI1TMkrIUiK7Ix4PYlRF9I5dhqaLYA/ADXw==

"@babel/highlight@^7.10.4":
  version "7.10.4"
  resolved "https://registry.yarnpkg.com/@babel/highlight/-/highlight-7.10.4.tgz#7d1bdfd65753538fabe6c38596cdb76d9ac60143"
  integrity sha512-i6rgnR/YgPEQzZZnbTHHuZdlE8qyoBNalD6F+q4vAFlcMEcqmkoG+mPqJYJCo63qPf74+Y1UZsl3l6f7/RIkmA==
  dependencies:
    "@babel/helper-validator-identifier" "^7.10.4"
    chalk "^2.0.0"
    js-tokens "^4.0.0"

"@nuxt/typescript-build@^2.0.3":
  version "2.0.3"
  resolved "https://registry.yarnpkg.com/@nuxt/typescript-build/-/typescript-build-2.0.3.tgz#338094f1bbadc21a59942c0aa0e272dff5a3f6a8"
  integrity sha512-iqxUV6sv86sat9VIlJyjL38oP+OkLg+gOr7uvYYRcYYGL6h/1OSWWIawyVsc4/RX9UGOy3JNj+BcvEo/7SkAUA==
  dependencies:
    consola "^2.15.0"
    fork-ts-checker-webpack-plugin "^5.1.0"
    ts-loader "^8.0.3"
    typescript "~4.0"

"@types/json-schema@^7.0.4", "@types/json-schema@^7.0.5":
  version "7.0.6"
  resolved "https://registry.yarnpkg.com/@types/json-schema/-/json-schema-7.0.6.tgz#f4c7ec43e81b319a9815115031709f26987891f0"
  integrity sha512-3c+yGKvVP5Y9TYBEibGNR+kLtijnj7mYrXRg+WpFb2X9xm04g/DXYkfg4hmzJQosc9snFNUPkbYIhu+KAm6jJw==

"@types/parse-json@^4.0.0":
  version "4.0.0"
  resolved "https://registry.yarnpkg.com/@types/parse-json/-/parse-json-4.0.0.tgz#2f8bb441434d163b35fb8ffdccd7138927ffb8c0"
  integrity sha512-//oorEZjL6sbPcKUaCdIGlIUeH26mgzimjBB77G6XRgnDl/L5wOnpyBGRe/Mmf5CVW3PwEBE1NjiMZ/ssFh4wA==

ajv-keywords@^3.4.1:
  version "3.5.2"
  resolved "https://registry.yarnpkg.com/ajv-keywords/-/ajv-keywords-3.5.2.tgz#31f29da5ab6e00d1c2d329acf7b5929614d5014d"
  integrity sha512-5p6WTN0DdTGVQk6VjcEju19IgaHudalcfabD7yhDGeA6bcQnmL+CpveLJq/3hvfwd1aof6L386Ougkx6RfyMIQ==

ajv@^6.12.2:
  version "6.12.6"
  resolved "https://registry.yarnpkg.com/ajv/-/ajv-6.12.6.tgz#baf5a62e802b07d977034586f8c3baf5adf26df4"
  integrity sha512-j3fVLgvTo527anyYyJOGTYJbG+vnnQYvE0m5mmkc1TK+nxAppkCLMIL0aZ4dblVCNoGShhm+kzE4ZUykBoMg4g==
  dependencies:
    fast-deep-equal "^3.1.1"
    fast-json-stable-stringify "^2.0.0"
    json-schema-traverse "^0.4.1"
    uri-js "^4.2.2"

ansi-styles@^3.2.1:
  version "3.2.1"
  resolved "https://registry.yarnpkg.com/ansi-styles/-/ansi-styles-3.2.1.tgz#41fbb20243e50b12be0f04b8dedbf07520ce841d"
  integrity sha512-VT0ZI6kZRdTh8YyJw3SMbYm/u+NqfsAxEpWO0Pf9sq8/e94WxxOpPKx9FR1FlyCtOVDNOQ+8ntlqFxiRc+r5qA==
  dependencies:
    color-convert "^1.9.0"

ansi-styles@^4.1.0:
  version "4.3.0"
  resolved "https://registry.yarnpkg.com/ansi-styles/-/ansi-styles-4.3.0.tgz#edd803628ae71c04c85ae7a0906edad34b648937"
  integrity sha512-zbB9rCJAT1rbjiVDb2hqKFHNYLxgtk8NURxZ3IZwD3F6NtxbXZQCnnSi1Lkx+IDohdPlFp222wVALIheZJQSEg==
  dependencies:
    color-convert "^2.0.1"

at-least-node@^1.0.0:
  version "1.0.0"
  resolved "https://registry.yarnpkg.com/at-least-node/-/at-least-node-1.0.0.tgz#602cd4b46e844ad4effc92a8011a3c46e0238dc2"
  integrity sha512-+q/t7Ekv1EDY2l6Gda6LLiX14rU9TV20Wa3ofeQmwPFZbOMo9DXrLbOjFaaclkXKWidIaopwAObQDqwWtGUjqg==

balanced-match@^1.0.0:
  version "1.0.0"
  resolved "https://registry.yarnpkg.com/balanced-match/-/balanced-match-1.0.0.tgz#89b4d199ab2bee49de164ea02b89ce462d71b767"
  integrity sha1-ibTRmasr7kneFk6gK4nORi1xt2c=

big.js@^5.2.2:
  version "5.2.2"
  resolved "https://registry.yarnpkg.com/big.js/-/big.js-5.2.2.tgz#65f0af382f578bcdc742bd9c281e9cb2d7768328"
  integrity sha512-vyL2OymJxmarO8gxMr0mhChsO9QGwhynfuu4+MHTAW6czfq9humCB7rKpUjDd9YUiDPU4mzpyupFSvOClAwbmQ==

brace-expansion@^1.1.7:
  version "1.1.11"
  resolved "https://registry.yarnpkg.com/brace-expansion/-/brace-expansion-1.1.11.tgz#3c7fcbf529d87226f3d2f52b966ff5271eb441dd"
  integrity sha512-iCuPHDFgrHX7H2vEI/5xpz07zSHB00TpugqhmYtVmMO6518mCuRMoOYFldEBl0g187ufozdaHgWKcYFb61qGiA==
  dependencies:
    balanced-match "^1.0.0"
    concat-map "0.0.1"

braces@^3.0.1:
  version "3.0.2"
  resolved "https://registry.yarnpkg.com/braces/-/braces-3.0.2.tgz#3454e1a462ee8d599e236df336cd9ea4f8afe107"
  integrity sha512-b8um+L1RzM3WDSzvhm6gIz1yfTbBt6YTlcEKAvsmqCZZFw46z626lVj9j1yEPW33H5H+lBQpZMP1k8l+78Ha0A==
  dependencies:
    fill-range "^7.0.1"

callsites@^3.0.0:
  version "3.1.0"
  resolved "https://registry.yarnpkg.com/callsites/-/callsites-3.1.0.tgz#b3630abd8943432f54b3f0519238e33cd7df2f73"
  integrity sha512-P8BjAsXvZS+VIDUI11hHCQEv74YT67YUi5JJFNWIqL235sBmjX4+qx9Muvls5ivyNENctx46xQLQ3aTuE7ssaQ==

chalk@^2.0.0, chalk@^2.3.0:
  version "2.4.2"
  resolved "https://registry.yarnpkg.com/chalk/-/chalk-2.4.2.tgz#cd42541677a54333cf541a49108c1432b44c9424"
  integrity sha512-Mti+f9lpJNcwF4tWV8/OrTTtF1gZi+f8FqlyAdouralcFWFQWF2+NgCHShjkCb+IFBLq9buZwE1xckQU4peSuQ==
  dependencies:
    ansi-styles "^3.2.1"
    escape-string-regexp "^1.0.5"
    supports-color "^5.3.0"

chalk@^4.1.0:
  version "4.1.0"
  resolved "https://registry.yarnpkg.com/chalk/-/chalk-4.1.0.tgz#4e14870a618d9e2edd97dd8345fd9d9dc315646a"
  integrity sha512-qwx12AxXe2Q5xQ43Ac//I6v5aXTipYrSESdOgzrN+9XjgEpyjpKuvSGaN4qE93f7TQTlerQQ8S+EQ0EyDoVL1A==
  dependencies:
    ansi-styles "^4.1.0"
    supports-color "^7.1.0"

color-convert@^1.9.0:
  version "1.9.3"
  resolved "https://registry.yarnpkg.com/color-convert/-/color-convert-1.9.3.tgz#bb71850690e1f136567de629d2d5471deda4c1e8"
  integrity sha512-QfAUtd+vFdAtFQcC8CCyYt1fYWxSqAiK2cSD6zDB8N3cpsEBAvRxp9zOGg6G/SHHJYAT88/az/IuDGALsNVbGg==
  dependencies:
    color-name "1.1.3"

color-convert@^2.0.1:
  version "2.0.1"
  resolved "https://registry.yarnpkg.com/color-convert/-/color-convert-2.0.1.tgz#72d3a68d598c9bdb3af2ad1e84f21d896abd4de3"
  integrity sha512-RRECPsj7iu/xb5oKYcsFHSppFNnsj/52OVTRKb4zP5onXwVF3zVmmToNcOfGC+CRDpfK/U584fMg38ZHCaElKQ==
  dependencies:
    color-name "~1.1.4"

color-name@1.1.3:
  version "1.1.3"
  resolved "https://registry.yarnpkg.com/color-name/-/color-name-1.1.3.tgz#a7d0558bd89c42f795dd42328f740831ca53bc25"
  integrity sha1-p9BVi9icQveV3UIyj3QIMcpTvCU=

color-name@~1.1.4:
  version "1.1.4"
  resolved "https://registry.yarnpkg.com/color-name/-/color-name-1.1.4.tgz#c2a09a87acbde69543de6f63fa3995c826c536a2"
  integrity sha512-dOy+3AuW3a2wNbZHIuMZpTcgjGuLU/uBL/ubcZF9OXbDo8ff4O8yVp5Bf0efS8uEoYo5q4Fx7dY9OgQGXgAsQA==

concat-map@0.0.1:
  version "0.0.1"
  resolved "https://registry.yarnpkg.com/concat-map/-/concat-map-0.0.1.tgz#d8a96bd77fd68df7793a73036a3ba0d5405d477b"
  integrity sha1-2Klr13/Wjfd5OnMDajug1UBdR3s=

consola@^2.15.0:
  version "2.15.0"
  resolved "https://registry.yarnpkg.com/consola/-/consola-2.15.0.tgz#40fc4eefa4d2f8ef2e2806147f056ea207fcc0e9"
  integrity sha512-vlcSGgdYS26mPf7qNi+dCisbhiyDnrN1zaRbw3CSuc2wGOMEGGPsp46PdRG5gqXwgtJfjxDkxRNAgRPr1B77vQ==

core-util-is@~1.0.0:
  version "1.0.2"
  resolved "https://registry.yarnpkg.com/core-util-is/-/core-util-is-1.0.2.tgz#b5fd54220aa2bc5ab57aab7140c940754503c1a7"
  integrity sha1-tf1UIgqivFq1eqtxQMlAdUUDwac=

cosmiconfig@^6.0.0:
  version "6.0.0"
  resolved "https://registry.yarnpkg.com/cosmiconfig/-/cosmiconfig-6.0.0.tgz#da4fee853c52f6b1e6935f41c1a2fc50bd4a9982"
  integrity sha512-xb3ZL6+L8b9JLLCx3ZdoZy4+2ECphCMo2PwqgP1tlfVq6M6YReyzBJtvWWtbDSpNr9hn96pkCiZqUcFEc+54Qg==
  dependencies:
    "@types/parse-json" "^4.0.0"
    import-fresh "^3.1.0"
    parse-json "^5.0.0"
    path-type "^4.0.0"
    yaml "^1.7.2"

deepmerge@^4.2.2:
  version "4.2.2"
  resolved "https://registry.yarnpkg.com/deepmerge/-/deepmerge-4.2.2.tgz#44d2ea3679b8f4d4ffba33f03d865fc1e7bf4955"
  integrity sha512-FJ3UgI4gIl+PHZm53knsuSFpE+nESMr7M4v9QcgB7S63Kj/6WqMiFQJpBBYz1Pt+66bZpP3Q7Lye0Oo9MPKEdg==

emojis-list@^3.0.0:
  version "3.0.0"
  resolved "https://registry.yarnpkg.com/emojis-list/-/emojis-list-3.0.0.tgz#5570662046ad29e2e916e71aae260abdff4f6a78"
  integrity sha512-/kyM18EfinwXZbno9FyUGeFh87KC8HRQBQGildHZbEuRyWFOmv1U10o9BBp8XVZDVNNuQKyIGIu5ZYAAXJ0V2Q==

enhanced-resolve@^4.0.0:
  version "4.3.0"
  resolved "https://registry.yarnpkg.com/enhanced-resolve/-/enhanced-resolve-4.3.0.tgz#3b806f3bfafc1ec7de69551ef93cca46c1704126"
  integrity sha512-3e87LvavsdxyoCfGusJnrZ5G8SLPOFeHSNpZI/ATL9a5leXo2k0w6MKnbqhdBad9qTobSfB20Ld7UmgoNbAZkQ==
  dependencies:
    graceful-fs "^4.1.2"
    memory-fs "^0.5.0"
    tapable "^1.0.0"

errno@^0.1.3:
  version "0.1.7"
  resolved "https://registry.yarnpkg.com/errno/-/errno-0.1.7.tgz#4684d71779ad39af177e3f007996f7c67c852618"
  integrity sha512-MfrRBDWzIWifgq6tJj60gkAwtLNb6sQPlcFrSOflcP1aFmmruKQ2wRnze/8V6kgyz7H3FF8Npzv78mZ7XLLflg==
  dependencies:
    prr "~1.0.1"

error-ex@^1.3.1:
  version "1.3.2"
  resolved "https://registry.yarnpkg.com/error-ex/-/error-ex-1.3.2.tgz#b4ac40648107fdcdcfae242f428bea8a14d4f1bf"
  integrity sha512-7dFHNmqeFSEt2ZBsCriorKnn3Z2pj+fd9kmI6QoWw4//DL+icEBfc0U7qJCisqrTsKTjw4fNFy2pW9OqStD84g==
  dependencies:
    is-arrayish "^0.2.1"

escape-string-regexp@^1.0.5:
  version "1.0.5"
  resolved "https://registry.yarnpkg.com/escape-string-regexp/-/escape-string-regexp-1.0.5.tgz#1b61c0562190a8dff6ae3bb2cf0200ca130b86d4"
  integrity sha1-G2HAViGQqN/2rjuyzwIAyhMLhtQ=

fast-deep-equal@^3.1.1:
  version "3.1.3"
  resolved "https://registry.yarnpkg.com/fast-deep-equal/-/fast-deep-equal-3.1.3.tgz#3a7d56b559d6cbc3eb512325244e619a65c6c525"
  integrity sha512-f3qQ9oQy9j2AhBe/H9VC91wLmKBCCU/gDOnKNAYG5hswO7BLKj09Hc5HYNz9cGI++xlpDCIgDaitVs03ATR84Q==

fast-json-stable-stringify@^2.0.0:
  version "2.1.0"
  resolved "https://registry.yarnpkg.com/fast-json-stable-stringify/-/fast-json-stable-stringify-2.1.0.tgz#874bf69c6f404c2b5d99c481341399fd55892633"
  integrity sha512-lhd/wF+Lk98HZoTCtlVraHtfh5XYijIjalXck7saUtuanSDyLMxnHhSXEDJqHxD7msR8D0uCmqlkwjCV8xvwHw==

fill-range@^7.0.1:
  version "7.0.1"
  resolved "https://registry.yarnpkg.com/fill-range/-/fill-range-7.0.1.tgz#1919a6a7c75fe38b2c7c77e5198535da9acdda40"
  integrity sha512-qOo9F+dMUmC2Lcb4BbVvnKJxTPjCm+RRpe4gDuGrzkL7mEVl/djYSu2OdQ2Pa302N4oqkSg9ir6jaLWJ2USVpQ==
  dependencies:
    to-regex-range "^5.0.1"

fork-ts-checker-webpack-plugin@^5.1.0:
  version "5.2.0"
  resolved "https://registry.yarnpkg.com/fork-ts-checker-webpack-plugin/-/fork-ts-checker-webpack-plugin-5.2.0.tgz#780a14fb0da02a892baedd7aa0d089a1eda7b3e5"
  integrity sha512-NEKcI0+osT5bBFZ1SFGzJMQETjQWZrSvMO1g0nAR/w0t328Z41eN8BJEIZyFCl2HsuiJpa9AN474Nh2qLVwGLQ==
  dependencies:
    "@babel/code-frame" "^7.8.3"
    "@types/json-schema" "^7.0.5"
    chalk "^4.1.0"
    cosmiconfig "^6.0.0"
    deepmerge "^4.2.2"
    fs-extra "^9.0.0"
    memfs "^3.1.2"
    minimatch "^3.0.4"
    schema-utils "2.7.0"
    semver "^7.3.2"
    tapable "^1.0.0"

fs-extra@^9.0.0:
  version "9.0.1"
  resolved "https://registry.yarnpkg.com/fs-extra/-/fs-extra-9.0.1.tgz#910da0062437ba4c39fedd863f1675ccfefcb9fc"
  integrity sha512-h2iAoN838FqAFJY2/qVpzFXy+EBxfVE220PalAqQLDVsFOHLJrZvut5puAbCdNv6WJk+B8ihI+k0c7JK5erwqQ==
  dependencies:
    at-least-node "^1.0.0"
    graceful-fs "^4.2.0"
    jsonfile "^6.0.1"
    universalify "^1.0.0"

fs-monkey@1.0.1:
  version "1.0.1"
  resolved "https://registry.yarnpkg.com/fs-monkey/-/fs-monkey-1.0.1.tgz#4a82f36944365e619f4454d9fff106553067b781"
  integrity sha512-fcSa+wyTqZa46iWweI7/ZiUfegOZl0SG8+dltIwFXo7+zYU9J9kpS3NB6pZcSlJdhvIwp81Adx2XhZorncxiaA==

graceful-fs@^4.1.2, graceful-fs@^4.1.6, graceful-fs@^4.2.0:
  version "4.2.4"
  resolved "https://registry.yarnpkg.com/graceful-fs/-/graceful-fs-4.2.4.tgz#2256bde14d3632958c465ebc96dc467ca07a29fb"
  integrity sha512-WjKPNJF79dtJAVniUlGGWHYGz2jWxT6VhN/4m1NdkbZ2nOsEF+cI1Edgql5zCRhs/VsQYRvrXctxktVXZUkixw==

has-flag@^3.0.0:
  version "3.0.0"
  resolved "https://registry.yarnpkg.com/has-flag/-/has-flag-3.0.0.tgz#b5d454dc2199ae225699f3467e5a07f3b955bafd"
  integrity sha1-tdRU3CGZriJWmfNGfloH87lVuv0=

has-flag@^4.0.0:
  version "4.0.0"
  resolved "https://registry.yarnpkg.com/has-flag/-/has-flag-4.0.0.tgz#944771fd9c81c81265c4d6941860da06bb59479b"
  integrity sha512-EykJT/Q1KjTWctppgIAgfSO0tKVuZUjhgMr17kqTumMl6Afv3EISleU7qZUzoXDFTAHTDC4NOoG/ZxU3EvlMPQ==

import-fresh@^3.1.0:
  version "3.2.1"
  resolved "https://registry.yarnpkg.com/import-fresh/-/import-fresh-3.2.1.tgz#633ff618506e793af5ac91bf48b72677e15cbe66"
  integrity sha512-6e1q1cnWP2RXD9/keSkxHScg508CdXqXWgWBaETNhyuBFz+kUZlKboh+ISK+bU++DmbHimVBrOz/zzPe0sZ3sQ==
  dependencies:
    parent-module "^1.0.0"
    resolve-from "^4.0.0"

inherits@~2.0.3:
  version "2.0.4"
  resolved "https://registry.yarnpkg.com/inherits/-/inherits-2.0.4.tgz#0fa2c64f932917c3433a0ded55363aae37416b7c"
  integrity sha512-k/vGaX4/Yla3WzyMCvTQOXYeIHvqOKtnqBduzTHpzpQZzAskKMhZ2K+EnBiSM9zGSoIFeMpXKxa4dYeZIQqewQ==

is-arrayish@^0.2.1:
  version "0.2.1"
  resolved "https://registry.yarnpkg.com/is-arrayish/-/is-arrayish-0.2.1.tgz#77c99840527aa8ecb1a8ba697b80645a7a926a9d"
  integrity sha1-d8mYQFJ6qOyxqLppe4BkWnqSap0=

is-number@^7.0.0:
  version "7.0.0"
  resolved "https://registry.yarnpkg.com/is-number/-/is-number-7.0.0.tgz#7535345b896734d5f80c4d06c50955527a14f12b"
  integrity sha512-41Cifkg6e8TylSpdtTpeLVMqvSBEVzTttHvERD741+pnZ8ANv0004MRL43QKPDlK9cGvNp6NZWZUBlbGXYxxng==

isarray@~1.0.0:
  version "1.0.0"
  resolved "https://registry.yarnpkg.com/isarray/-/isarray-1.0.0.tgz#bb935d48582cba168c06834957a54a3e07124f11"
  integrity sha1-u5NdSFgsuhaMBoNJV6VKPgcSTxE=

js-tokens@^4.0.0:
  version "4.0.0"
  resolved "https://registry.yarnpkg.com/js-tokens/-/js-tokens-4.0.0.tgz#19203fb59991df98e3a287050d4647cdeaf32499"
  integrity sha512-RdJUflcE3cUzKiMqQgsCu06FPu9UdIJO0beYbPhHN4k6apgJtifcoCtT9bcxOpYBtpD2kCM6Sbzg4CausW/PKQ==

json-parse-even-better-errors@^2.3.0:
  version "2.3.1"
  resolved "https://registry.yarnpkg.com/json-parse-even-better-errors/-/json-parse-even-better-errors-2.3.1.tgz#7c47805a94319928e05777405dc12e1f7a4ee02d"
  integrity sha512-xyFwyhro/JEof6Ghe2iz2NcXoj2sloNsWr/XsERDK/oiPCfaNhl5ONfp+jQdAZRQQ0IJWNzH9zIZF7li91kh2w==

json-schema-traverse@^0.4.1:
  version "0.4.1"
  resolved "https://registry.yarnpkg.com/json-schema-traverse/-/json-schema-traverse-0.4.1.tgz#69f6a87d9513ab8bb8fe63bdb0979c448e684660"
  integrity sha512-xbbCH5dCYU5T8LcEhhuh7HJ88HXuW3qsI3Y0zOZFKfZEHcpWiHU/Jxzk629Brsab/mMiHQti9wMP+845RPe3Vg==

json5@^1.0.1:
  version "1.0.1"
  resolved "https://registry.yarnpkg.com/json5/-/json5-1.0.1.tgz#779fb0018604fa854eacbf6252180d83543e3dbe"
  integrity sha512-aKS4WQjPenRxiQsC93MNfjx+nbF4PAdYzmd/1JIj8HYzqfbu86beTuNgXDzPknWk0n0uARlyewZo4s++ES36Ow==
  dependencies:
    minimist "^1.2.0"

jsonfile@^6.0.1:
  version "6.0.1"
  resolved "https://registry.yarnpkg.com/jsonfile/-/jsonfile-6.0.1.tgz#98966cba214378c8c84b82e085907b40bf614179"
  integrity sha512-jR2b5v7d2vIOust+w3wtFKZIfpC2pnRmFAhAC/BuweZFQR8qZzxH1OyrQ10HmdVYiXWkYUqPVsz91cG7EL2FBg==
  dependencies:
    universalify "^1.0.0"
  optionalDependencies:
    graceful-fs "^4.1.6"

lines-and-columns@^1.1.6:
  version "1.1.6"
  resolved "https://registry.yarnpkg.com/lines-and-columns/-/lines-and-columns-1.1.6.tgz#1c00c743b433cd0a4e80758f7b64a57440d9ff00"
  integrity sha1-HADHQ7QzzQpOgHWPe2SldEDZ/wA=

loader-utils@^1.0.2:
  version "1.4.0"
  resolved "https://registry.yarnpkg.com/loader-utils/-/loader-utils-1.4.0.tgz#c579b5e34cb34b1a74edc6c1fb36bfa371d5a613"
  integrity sha512-qH0WSMBtn/oHuwjy/NucEgbx5dbxxnxup9s4PVXJUDHZBQY+s0NWA9rJf53RBnQZxfch7euUui7hpoAPvALZdA==
  dependencies:
    big.js "^5.2.2"
    emojis-list "^3.0.0"
    json5 "^1.0.1"

memfs@^3.1.2:
  version "3.2.0"
  resolved "https://registry.yarnpkg.com/memfs/-/memfs-3.2.0.tgz#f9438e622b5acd1daa8a4ae160c496fdd1325b26"
  integrity sha512-f/xxz2TpdKv6uDn6GtHee8ivFyxwxmPuXatBb1FBwxYNuVpbM3k/Y1Z+vC0mH/dIXXrukYfe3qe5J32Dfjg93A==
  dependencies:
    fs-monkey "1.0.1"

memory-fs@^0.5.0:
  version "0.5.0"
  resolved "https://registry.yarnpkg.com/memory-fs/-/memory-fs-0.5.0.tgz#324c01288b88652966d161db77838720845a8e3c"
  integrity sha512-jA0rdU5KoQMC0e6ppoNRtpp6vjFq6+NY7r8hywnC7V+1Xj/MtHwGIbB1QaK/dunyjWteJzmkpd7ooeWg10T7GA==
  dependencies:
    errno "^0.1.3"
    readable-stream "^2.0.1"

micromatch@^4.0.0:
  version "4.0.2"
  resolved "https://registry.yarnpkg.com/micromatch/-/micromatch-4.0.2.tgz#4fcb0999bf9fbc2fcbdd212f6d629b9a56c39259"
  integrity sha512-y7FpHSbMUMoyPbYUSzO6PaZ6FyRnQOpHuKwbo1G+Knck95XVU4QAiKdGEnj5wwoS7PlOgthX/09u5iFJ+aYf5Q==
  dependencies:
    braces "^3.0.1"
    picomatch "^2.0.5"

minimatch@^3.0.4:
  version "3.0.4"
  resolved "https://registry.yarnpkg.com/minimatch/-/minimatch-3.0.4.tgz#5166e286457f03306064be5497e8dbb0c3d32083"
  integrity sha512-yJHVQEhyqPLUTgt9B83PXu6W3rx4MvvHvSUvToogpwoGDOUQ+yDrR0HRot+yOCdCO7u4hX3pWft6kWBBcqh0UA==
  dependencies:
    brace-expansion "^1.1.7"

minimist@^1.2.0:
  version "1.2.5"
  resolved "https://registry.yarnpkg.com/minimist/-/minimist-1.2.5.tgz#67d66014b66a6a8aaa0c083c5fd58df4e4e97602"
  integrity sha512-FM9nNUYrRBAELZQT3xeZQ7fmMOBg6nWNmJKTcgsJeaLstP/UODVpGsr5OhXhhXg6f+qtJ8uiZ+PUxkDWcgIXLw==

parent-module@^1.0.0:
  version "1.0.1"
  resolved "https://registry.yarnpkg.com/parent-module/-/parent-module-1.0.1.tgz#691d2709e78c79fae3a156622452d00762caaaa2"
  integrity sha512-GQ2EWRpQV8/o+Aw8YqtfZZPfNRWZYkbidE9k5rpl/hC3vtHHBfGm2Ifi6qWV+coDGkrUKZAxE3Lot5kcsRlh+g==
  dependencies:
    callsites "^3.0.0"

parse-json@^5.0.0:
  version "5.1.0"
  resolved "https://registry.yarnpkg.com/parse-json/-/parse-json-5.1.0.tgz#f96088cdf24a8faa9aea9a009f2d9d942c999646"
  integrity sha512-+mi/lmVVNKFNVyLXV31ERiy2CY5E1/F6QtJFEzoChPRwwngMNXRDQ9GJ5WdE2Z2P4AujsOi0/+2qHID68KwfIQ==
  dependencies:
    "@babel/code-frame" "^7.0.0"
    error-ex "^1.3.1"
    json-parse-even-better-errors "^2.3.0"
    lines-and-columns "^1.1.6"

path-type@^4.0.0:
  version "4.0.0"
  resolved "https://registry.yarnpkg.com/path-type/-/path-type-4.0.0.tgz#84ed01c0a7ba380afe09d90a8c180dcd9d03043b"
  integrity sha512-gDKb8aZMDeD/tZWs9P6+q0J9Mwkdl6xMV8TjnGP3qJVJ06bdMgkbBlLU8IdfOsIsFz2BW1rNVT3XuNEl8zPAvw==

picomatch@^2.0.5:
  version "2.2.2"
  resolved "https://registry.yarnpkg.com/picomatch/-/picomatch-2.2.2.tgz#21f333e9b6b8eaff02468f5146ea406d345f4dad"
  integrity sha512-q0M/9eZHzmr0AulXyPwNfZjtwZ/RBZlbN3K3CErVrk50T2ASYI7Bye0EvekFY3IP1Nt2DHu0re+V2ZHIpMkuWg==

process-nextick-args@~2.0.0:
  version "2.0.1"
  resolved "https://registry.yarnpkg.com/process-nextick-args/-/process-nextick-args-2.0.1.tgz#7820d9b16120cc55ca9ae7792680ae7dba6d7fe2"
  integrity sha512-3ouUOpQhtgrbOa17J7+uxOTpITYWaGP7/AhoR3+A+/1e9skrzelGi/dXzEYyvbxubEF6Wn2ypscTKiKJFFn1ag==

prr@~1.0.1:
  version "1.0.1"
  resolved "https://registry.yarnpkg.com/prr/-/prr-1.0.1.tgz#d3fc114ba06995a45ec6893f484ceb1d78f5f476"
  integrity sha1-0/wRS6BplaRexok/SEzrHXj19HY=

punycode@^2.1.0:
  version "2.1.1"
  resolved "https://registry.yarnpkg.com/punycode/-/punycode-2.1.1.tgz#b58b010ac40c22c5657616c8d2c2c02c7bf479ec"
  integrity sha512-XRsRjdf+j5ml+y/6GKHPZbrF/8p2Yga0JPtdqTIY2Xe5ohJPD9saDJJLPvp9+NSBprVvevdXZybnj2cv8OEd0A==

readable-stream@^2.0.1:
  version "2.3.7"
  resolved "https://registry.yarnpkg.com/readable-stream/-/readable-stream-2.3.7.tgz#1eca1cf711aef814c04f62252a36a62f6cb23b57"
  integrity sha512-Ebho8K4jIbHAxnuxi7o42OrZgF/ZTNcsZj6nRKyUmkhLFq8CHItp/fy6hQZuZmP/n3yZ9VBUbp4zz/mX8hmYPw==
  dependencies:
    core-util-is "~1.0.0"
    inherits "~2.0.3"
    isarray "~1.0.0"
    process-nextick-args "~2.0.0"
    safe-buffer "~5.1.1"
    string_decoder "~1.1.1"
    util-deprecate "~1.0.1"

resolve-from@^4.0.0:
  version "4.0.0"
  resolved "https://registry.yarnpkg.com/resolve-from/-/resolve-from-4.0.0.tgz#4abcd852ad32dd7baabfe9b40e00a36db5f392e6"
  integrity sha512-pb/MYmXstAkysRFx8piNI1tGFNQIFA3vkE3Gq4EuA1dF6gHp/+vgZqsCGJapvy8N3Q+4o7FwvquPJcnZ7RYy4g==

safe-buffer@~5.1.0, safe-buffer@~5.1.1:
  version "5.1.2"
  resolved "https://registry.yarnpkg.com/safe-buffer/-/safe-buffer-5.1.2.tgz#991ec69d296e0313747d59bdfd2b745c35f8828d"
  integrity sha512-Gd2UZBJDkXlY7GbJxfsE8/nvKkUEU1G38c1siN6QP6a9PT9MmHB8GnpscSmMJSoF8LOIrt8ud/wPtojys4G6+g==

schema-utils@2.7.0:
  version "2.7.0"
  resolved "https://registry.yarnpkg.com/schema-utils/-/schema-utils-2.7.0.tgz#17151f76d8eae67fbbf77960c33c676ad9f4efc7"
  integrity sha512-0ilKFI6QQF5nxDZLFn2dMjvc4hjg/Wkg7rHd3jK6/A4a1Hl9VFdQWvgB1UMGoU94pad1P/8N7fMcEnLnSiju8A==
  dependencies:
    "@types/json-schema" "^7.0.4"
    ajv "^6.12.2"
    ajv-keywords "^3.4.1"

semver@^6.0.0:
  version "6.3.0"
  resolved "https://registry.yarnpkg.com/semver/-/semver-6.3.0.tgz#ee0a64c8af5e8ceea67687b133761e1becbd1d3d"
  integrity sha512-b39TBaTSfV6yBrapU89p5fKekE2m/NwnDocOVruQFS1/veMgdzuPcnOM34M6CwxW8jH/lxEa5rBoDeUwu5HHTw==

semver@^7.3.2:
  version "7.3.2"
  resolved "https://registry.yarnpkg.com/semver/-/semver-7.3.2.tgz#604962b052b81ed0786aae84389ffba70ffd3938"
  integrity sha512-OrOb32TeeambH6UrhtShmF7CRDqhL6/5XpPNp2DuRH6+9QLw/orhp72j87v8Qa1ScDkvrrBNpZcDejAirJmfXQ==

string_decoder@~1.1.1:
  version "1.1.1"
  resolved "https://registry.yarnpkg.com/string_decoder/-/string_decoder-1.1.1.tgz#9cf1611ba62685d7030ae9e4ba34149c3af03fc8"
  integrity sha512-n/ShnvDi6FHbbVfviro+WojiFzv+s8MPMHBczVePfUpDJLwoLT0ht1l4YwBCbi8pJAveEEdnkHyPyTP/mzRfwg==
  dependencies:
    safe-buffer "~5.1.0"

supports-color@^5.3.0:
  version "5.5.0"
  resolved "https://registry.yarnpkg.com/supports-color/-/supports-color-5.5.0.tgz#e2e69a44ac8772f78a1ec0b35b689df6530efc8f"
  integrity sha512-QjVjwdXIt408MIiAqCX4oUKsgU2EqAGzs2Ppkm4aQYbjm+ZEWEcW4SfFNTr4uMNZma0ey4f5lgLrkB0aX0QMow==
  dependencies:
    has-flag "^3.0.0"

supports-color@^7.1.0:
  version "7.2.0"
  resolved "https://registry.yarnpkg.com/supports-color/-/supports-color-7.2.0.tgz#1b7dcdcb32b8138801b3e478ba6a51caa89648da"
  integrity sha512-qpCAvRl9stuOHveKsn7HncJRvv501qIacKzQlO/+Lwxc9+0q2wLyv4Dfvt80/DPn2pqOBsJdDiogXGR9+OvwRw==
  dependencies:
    has-flag "^4.0.0"

tapable@^1.0.0:
  version "1.1.3"
  resolved "https://registry.yarnpkg.com/tapable/-/tapable-1.1.3.tgz#a1fccc06b58db61fd7a45da2da44f5f3a3e67ba2"
  integrity sha512-4WK/bYZmj8xLr+HUCODHGF1ZFzsYffasLUgEiMBY4fgtltdO6B4WJtlSbPaDTLpYTcGVwM2qLnFTICEcNxs3kA==

to-regex-range@^5.0.1:
  version "5.0.1"
  resolved "https://registry.yarnpkg.com/to-regex-range/-/to-regex-range-5.0.1.tgz#1648c44aae7c8d988a326018ed72f5b4dd0392e4"
  integrity sha512-65P7iz6X5yEr1cwcgvQxbbIw7Uk3gOy5dIdtZ4rDveLqhrdJP+Li/Hx6tyK0NEb+2GCyneCMJiGqrADCSNk8sQ==
  dependencies:
    is-number "^7.0.0"

ts-loader@^8.0.3:
  version "8.0.6"
  resolved "https://registry.yarnpkg.com/ts-loader/-/ts-loader-8.0.6.tgz#8f47d203ef8fc95826a292a09f97a02bf1f57565"
  integrity sha512-c8XkRbhKxFLbiIwZR7FBGWDq0MIz/QSpx3CGpj0abJxD5YVX8oDhQkJLeGbXUPRIlaX4Ajmr77fOiFVZ3gSU7g==
  dependencies:
    chalk "^2.3.0"
    enhanced-resolve "^4.0.0"
    loader-utils "^1.0.2"
    micromatch "^4.0.0"
    semver "^6.0.0"

typescript@~4.0:
  version "4.0.3"
  resolved "https://registry.yarnpkg.com/typescript/-/typescript-4.0.3.tgz#153bbd468ef07725c1df9c77e8b453f8d36abba5"
  integrity sha512-tEu6DGxGgRJPb/mVPIZ48e69xCn2yRmCgYmDugAVwmJ6o+0u1RI18eO7E7WBTLYLaEVVOhwQmcdhQHweux/WPg==

universalify@^1.0.0:
  version "1.0.0"
  resolved "https://registry.yarnpkg.com/universalify/-/universalify-1.0.0.tgz#b61a1da173e8435b2fe3c67d29b9adf8594bd16d"
  integrity sha512-rb6X1W158d7pRQBg5gkR8uPaSfiids68LTJQYOtEUhoJUWBdaQHsuT/EUduxXYxcrt4r5PJ4fuHW1MHT6p0qug==

uri-js@^4.2.2:
  version "4.4.0"
  resolved "https://registry.yarnpkg.com/uri-js/-/uri-js-4.4.0.tgz#aa714261de793e8a82347a7bcc9ce74e86f28602"
  integrity sha512-B0yRTzYdUCCn9n+F4+Gh4yIDtMQcaJsmYBDsTSG8g/OejKBodLQ2IHfN3bM7jUsRXndopT7OIXWdYqc1fjmV6g==
  dependencies:
    punycode "^2.1.0"

util-deprecate@~1.0.1:
  version "1.0.2"
  resolved "https://registry.yarnpkg.com/util-deprecate/-/util-deprecate-1.0.2.tgz#450d4dc9fa70de732762fbd2d4a28981419a0ccf"
  integrity sha1-RQ1Nyfpw3nMnYvvS1KKJgUGaDM8=

yaml@^1.7.2:
  version "1.10.0"
  resolved "https://registry.yarnpkg.com/yaml/-/yaml-1.10.0.tgz#3b593add944876077d4d683fee01081bd9fff31e"
  integrity sha512-yr2icI4glYaNG+KWONODapy2/jDdMSDnrONSjblABjD9B4Z5LgiircSt8m8sRZFNi08kG9Sm0uSHtEmP3zaEGg==
